
Microsoft Visual Studio Solution File, Format Version 12.00
# Visual Studio Version 17
VisualStudioVersion = 17.9.34728.123
MinimumVisualStudioVersion = 10.0.40219.1
Project("{9A19103F-16F7-4668-BE54-9A1E7A4F7556}") = "MVC.Web", "MVC.WEB\MVC.Web.csproj", "{B48F4461-E2AB-4DF1-A2D2-910510AD060D}"
EndProject
Project("{9A19103F-16F7-4668-BE54-9A1E7A4F7556}") = "Razor.Web", "Razor.Web\Razor.Web.csproj", "{4B70ABC5-A72D-46F8-98EC-F7E82C8A25F1}"
EndProject
Global
	GlobalSection(SolutionConfigurationPlatforms) = preSolution
		Debug|Any CPU = Debug|Any CPU
		Release|Any CPU = Release|Any CPU
	EndGlobalSection
	GlobalSection(ProjectConfigurationPlatforms) = postSolution
		{B48F4461-E2AB-4DF1-A2D2-910510AD060D}.Debug|Any CPU.ActiveCfg = Debug|Any CPU
		{B48F4461-E2AB-4DF1-A2D2-910510AD060D}.Debug|Any CPU.Build.0 = Debug|Any CPU
		{B48F4461-E2AB-4DF1-A2D2-910510AD060D}.Release|Any CPU.ActiveCfg = Release|Any CPU
		{B48F4461-E2AB-4DF1-A2D2-910510AD060D}.Release|Any CPU.Build.0 = Release|Any CPU
		{4B70ABC5-A72D-46F8-98EC-F7E82C8A25F1}.Debug|Any CPU.ActiveCfg = Debug|Any CPU
		{4B70ABC5-A72D-46F8-98EC-F7E82C8A25F1}.Debug|Any CPU.Build.0 = Debug|Any CPU
		{4B70ABC5-A72D-46F8-98EC-F7E82C8A25F1}.Release|Any CPU.ActiveCfg = Release|Any CPU
		{4B70ABC5-A72D-46F8-98EC-F7E82C8A25F1}.Release|Any CPU.Build.0 = Release|Any CPU
	EndGlobalSection
	GlobalSection(SolutionProperties) = preSolution
		HideSolutionNode = FALSE
	EndGlobalSection
	GlobalSection(ExtensibilityGlobals) = postSolution
		SolutionGuid = {11084F8D-245D-4808-8A8D-B891CC3AB08D}
	EndGlobalSection
EndGlobal
