
Microsoft Visual Studio Solution File, Format Version 12.00
# Visual Studio Version 17
VisualStudioVersion = 17.9.34728.123
MinimumVisualStudioVersion = 10.0.40219.1
Project("{9A19103F-16F7-4668-BE54-9A1E7A4F7556}") = "FullStackBootcamp.App", "FullStackBootcamp.App\FullStackBootcamp.App.csproj", "{D630C28F-07A6-412E-9B5C-BDB41413EA17}"
EndProject
Project("{9A19103F-16F7-4668-BE54-9A1E7A4F7556}") = "FullStackBootcamp.App2", "FullStackBootcamp.App2\FullStackBootcamp.App2.csproj", "{53D0D6A5-529D-4850-9D5E-B5331CBE7129}"
EndProject
Project("{9A19103F-16F7-4668-BE54-9A1E7A4F7556}") = "Shared", "Shared\Shared.csproj", "{874737FF-00DC-4683-90B7-A77E2E3A53E6}"
EndProject
Project("{9A19103F-16F7-4668-BE54-9A1E7A4F7556}") = "Shared2", "Shared2\Shared2.csproj", "{B8424BB9-6DB9-467E-85C5-38FD3D68F7B2}"
EndProject
Project("{FAE04EC0-301F-11D3-BF4B-00C04F79EFBC}") = "OOPConcept.Example", "OOPConcept.Example\OOPConcept.Example.csproj", "{876636DC-2B20-462C-A07A-A2925F7640AB}"
EndProject
Project("{FAE04EC0-301F-11D3-BF4B-00C04F79EFBC}") = "CollectionsAndArrays.App", "CollectionsAndArrays.App\CollectionsAndArrays.App.csproj", "{572FDC2D-8746-43F2-ADB0-11AE747252E6}"
EndProject
Project("{FAE04EC0-301F-11D3-BF4B-00C04F79EFBC}") = "SOLID", "SOLID\SOLID.csproj", "{E491F1F4-1DFF-476C-B9DA-56149AE25338}"
EndProject
Global
	GlobalSection(SolutionConfigurationPlatforms) = preSolution
		Debug|Any CPU = Debug|Any CPU
		Release|Any CPU = Release|Any CPU
	EndGlobalSection
	GlobalSection(ProjectConfigurationPlatforms) = postSolution
		{D630C28F-07A6-412E-9B5C-BDB41413EA17}.Debug|Any CPU.ActiveCfg = Debug|Any CPU
		{D630C28F-07A6-412E-9B5C-BDB41413EA17}.Debug|Any CPU.Build.0 = Debug|Any CPU
		{D630C28F-07A6-412E-9B5C-BDB41413EA17}.Release|Any CPU.ActiveCfg = Release|Any CPU
		{D630C28F-07A6-412E-9B5C-BDB41413EA17}.Release|Any CPU.Build.0 = Release|Any CPU
		{53D0D6A5-529D-4850-9D5E-B5331CBE7129}.Debug|Any CPU.ActiveCfg = Debug|Any CPU
		{53D0D6A5-529D-4850-9D5E-B5331CBE7129}.Debug|Any CPU.Build.0 = Debug|Any CPU
		{53D0D6A5-529D-4850-9D5E-B5331CBE7129}.Release|Any CPU.ActiveCfg = Release|Any CPU
		{53D0D6A5-529D-4850-9D5E-B5331CBE7129}.Release|Any CPU.Build.0 = Release|Any CPU
		{874737FF-00DC-4683-90B7-A77E2E3A53E6}.Debug|Any CPU.ActiveCfg = Debug|Any CPU
		{874737FF-00DC-4683-90B7-A77E2E3A53E6}.Debug|Any CPU.Build.0 = Debug|Any CPU
		{874737FF-00DC-4683-90B7-A77E2E3A53E6}.Release|Any CPU.ActiveCfg = Release|Any CPU
		{874737FF-00DC-4683-90B7-A77E2E3A53E6}.Release|Any CPU.Build.0 = Release|Any CPU
		{B8424BB9-6DB9-467E-85C5-38FD3D68F7B2}.Debug|Any CPU.ActiveCfg = Debug|Any CPU
		{B8424BB9-6DB9-467E-85C5-38FD3D68F7B2}.Debug|Any CPU.Build.0 = Debug|Any CPU
		{B8424BB9-6DB9-467E-85C5-38FD3D68F7B2}.Release|Any CPU.ActiveCfg = Release|Any CPU
		{B8424BB9-6DB9-467E-85C5-38FD3D68F7B2}.Release|Any CPU.Build.0 = Release|Any CPU
		{876636DC-2B20-462C-A07A-A2925F7640AB}.Debug|Any CPU.ActiveCfg = Debug|Any CPU
		{876636DC-2B20-462C-A07A-A2925F7640AB}.Debug|Any CPU.Build.0 = Debug|Any CPU
		{876636DC-2B20-462C-A07A-A2925F7640AB}.Release|Any CPU.ActiveCfg = Release|Any CPU
		{876636DC-2B20-462C-A07A-A2925F7640AB}.Release|Any CPU.Build.0 = Release|Any CPU
		{572FDC2D-8746-43F2-ADB0-11AE747252E6}.Debug|Any CPU.ActiveCfg = Debug|Any CPU
		{572FDC2D-8746-43F2-ADB0-11AE747252E6}.Debug|Any CPU.Build.0 = Debug|Any CPU
		{572FDC2D-8746-43F2-ADB0-11AE747252E6}.Release|Any CPU.ActiveCfg = Release|Any CPU
		{572FDC2D-8746-43F2-ADB0-11AE747252E6}.Release|Any CPU.Build.0 = Release|Any CPU
		{E491F1F4-1DFF-476C-B9DA-56149AE25338}.Debug|Any CPU.ActiveCfg = Debug|Any CPU
		{E491F1F4-1DFF-476C-B9DA-56149AE25338}.Debug|Any CPU.Build.0 = Debug|Any CPU
		{E491F1F4-1DFF-476C-B9DA-56149AE25338}.Release|Any CPU.ActiveCfg = Release|Any CPU
		{E491F1F4-1DFF-476C-B9DA-56149AE25338}.Release|Any CPU.Build.0 = Release|Any CPU
	EndGlobalSection
	GlobalSection(SolutionProperties) = preSolution
		HideSolutionNode = FALSE
	EndGlobalSection
	GlobalSection(ExtensibilityGlobals) = postSolution
		SolutionGuid = {11084F8D-245D-4808-8A8D-B891CC3AB08D}
	EndGlobalSection
EndGlobal
